PODS:
  - ServiceSDK (218.0.1):
    - ServiceSDK/All (= 218.0.1)
  - ServiceSDK/All (218.0.1)

DEPENDENCIES:
  - ServiceSDK

SPEC REPOS:
  https://github.com/goinstant/pods-specs-public:
    - ServiceSDK

SPEC CHECKSUMS:
  ServiceSDK: 5791ba99f369f7473ac18477fa41d0dc36dd1c7f

PODFILE CHECKSUM: 523000bb70741440b8bdbc2212d674eb9059a433

COCOAPODS: 1.7.0.beta.3
